<?xml version="1.0" encoding="utf-8"?>
<Project ToolsVersion="4.0" xmlns="http://schemas.microsoft.com/developer/msbuild/2003">
  <ItemGroup>
    <Filter Include="Source Files">
      <UniqueIdentifier>{4FC737F1-C7A5-4376-A066-2A32D752A2FF}</UniqueIdentifier>
      <Extensions>cpp;c;cc;cxx;def;odl;idl;hpj;bat;asm;asmx</Extensions>
    </Filter>
    <Filter Include="Header Files">
      <UniqueIdentifier>{93995380-89BD-4b04-88EB-625FBE52EBFB}</UniqueIdentifier>
      <Extensions>h;hh;hpp;hxx;hm;inl;inc;ipp;xsd</Extensions>
    </Filter>
    <Filter Include="Resource Files">
      <UniqueIdentifier>{67DA6AB6-F800-4c08-8B7A-83BB121AAD01}</UniqueIdentifier>
      <Extensions>rc;ico;cur;bmp;dlg;rc2;rct;bin;rgs;gif;jpg;jpeg;jpe;resx;tiff;tif;png;wav;mfcribbon-ms</Extensions>
    </Filter>
  </ItemGroup>
  <ItemGroup>
    <ClCompile Include="CourseCpp.cpp">
      <Filter>Source Files</Filter>
    </ClCompile>
    <ClCompile Include="Simulation\Battery.cpp">
      <Filter>Source Files</Filter>
    </ClCompile>
    <ClCompile Include="Simulation\BatterySensor.cpp">
      <Filter>Source Files</Filter>
    </ClCompile>
    <ClCompile Include="Simulation\DirtSensor.cpp">
      <Filter>Source Files</Filter>
    </ClCompile>
    <ClCompile Include="Simulation\House.cpp">
      <Filter>Source Files</Filter>
    </ClCompile>
    <ClCompile Include="Simulation\WallSensor.cpp">
      <Filter>Source Files</Filter>
    </ClCompile>
    <ClCompile Include="Simulation\Simulation.cpp">
      <Filter>Source Files</Filter>
    </ClCompile>
    <ClCompile Include="Simulation\RobotRepImpl.cpp">
      <Filter>Source Files</Filter>
    </ClCompile>
    <ClCompile Include="Robotalgo\EdgeAlgo.cpp">
      <Filter>Source Files</Filter>
    </ClCompile>
    <ClCompile Include="Robotalgo\RandomAlgo.cpp">
      <Filter>Source Files</Filter>
    </ClCompile>
    <ClCompile Include="Robotalgo\RobotAlgorithm.cpp">
      <Filter>Source Files</Filter>
    </ClCompile>
    <ClCompile Include="Robotalgo\SpiralAlgo.cpp">
      <Filter>Source Files</Filter>
    </ClCompile>
  </ItemGroup>
  <ItemGroup>
    <ClInclude Include="Simulation\Battery.h">
      <Filter>Header Files</Filter>
    </ClInclude>
    <ClInclude Include="Simulation\BatteryInterface.h">
      <Filter>Header Files</Filter>
    </ClInclude>
    <ClInclude Include="Simulation\BatterySensor.h">
      <Filter>Header Files</Filter>
    </ClInclude>
    <ClInclude Include="Simulation\BatterySensorInterface.h">
      <Filter>Header Files</Filter>
    </ClInclude>
    <ClInclude Include="Simulation\DirtSensor.h">
      <Filter>Header Files</Filter>
    </ClInclude>
    <ClInclude Include="Simulation\DirtSensorInterface.h">
      <Filter>Header Files</Filter>
    </ClInclude>
    <ClInclude Include="Simulation\House.h">
      <Filter>Header Files</Filter>
    </ClInclude>
    <ClInclude Include="Simulation\HouseInterface.h">
      <Filter>Header Files</Filter>
    </ClInclude>
    <ClInclude Include="Simulation\RobotRepImpl.h">
      <Filter>Header Files</Filter>
    </ClInclude>
    <ClInclude Include="Simulation\Simulation.h">
      <Filter>Header Files</Filter>
    </ClInclude>
    <ClInclude Include="Simulation\WallSensor.h">
      <Filter>Header Files</Filter>
    </ClInclude>
    <ClInclude Include="Simulation\WallsensorInterface.h">
      <Filter>Header Files</Filter>
    </ClInclude>
    <ClInclude Include="Common\Common.h">
      <Filter>Header Files</Filter>
    </ClInclude>
    <ClInclude Include="Robotalgo\EdgeAlgo.h">
      <Filter>Header Files</Filter>
    </ClInclude>
    <ClInclude Include="Robotalgo\RandomAlgo.h">
      <Filter>Header Files</Filter>
    </ClInclude>
    <ClInclude Include="Robotalgo\RobotAlgorithm.h">
      <Filter>Header Files</Filter>
    </ClInclude>
    <ClInclude Include="Robotalgo\SpiralAlgo.h">
      <Filter>Header Files</Filter>
    </ClInclude>
  </ItemGroup>
  <ItemGroup>
    <Text Include="House1.txt" />
    <Text Include="House2.txt" />
    <Text Include="Result.txt" />
    <Text Include="House3.txt" />
  </ItemGroup>
</Project>